
Microsoft Visual Studio Solution File, Format Version 12.00
# Visual Studio 15
VisualStudioVersion = 15.0.28307.902
MinimumVisualStudioVersion = 10.0.40219.1
Project("{D2ABAB84-BF74-430A-B69E-9DC6D40DDA17}") = "SSAS_training", "SSAS_training\SSAS_training.dwproj", "{39149FFE-E05A-41C6-826B-43A4FEFA1D4A}"
EndProject
Global
	GlobalSection(SolutionConfigurationPlatforms) = preSolution
		Development|Default = Development|Default
	EndGlobalSection
	GlobalSection(ProjectConfigurationPlatforms) = postSolution
		{39149FFE-E05A-41C6-826B-43A4FEFA1D4A}.Development|Default.ActiveCfg = Development
		{39149FFE-E05A-41C6-826B-43A4FEFA1D4A}.Development|Default.Build.0 = Development
		{39149FFE-E05A-41C6-826B-43A4FEFA1D4A}.Development|Default.Deploy.0 = Development
	EndGlobalSection
	GlobalSection(SolutionProperties) = preSolution
		HideSolutionNode = FALSE
	EndGlobalSection
	GlobalSection(ExtensibilityGlobals) = postSolution
		SolutionGuid = {479872E1-3BA4-4BDE-8FC9-A14D8575EF48}
	EndGlobalSection
EndGlobal
